# This file is @generated by PDM.
# It is not intended for manual editing.

[metadata]
groups = ["default"]
strategy = ["cross_platform"]
lock_version = "4.4"
content_hash = "sha256:32f0bc2d29866e3c3b40c12b81c38a3327cc4bf5fb9a8afface5928bc12eefc0"

[[package]]
name = "fake-bpy-module-4-1"
version = "20240604"
requires_python = ">=3.8"
summary = "Collection of the fake Blender Python API module for the code completion."
files = [
    {file = "fake_bpy_module_4.1-20240604-py3-none-any.whl", hash = "sha256:18c0f607ec4b58bcb2639525f066c08b70c6e9c59dfe754609f928ba7fd1eea6"},
    {file = "fake_bpy_module_4_1-20240604.tar.gz", hash = "sha256:2afc03f0e61832df3c6f411533a1e772da9d63ea0fa75b2e22abc6e478ca956c"},
]
